
Microsoft Visual Studio Solution File, Format Version 12.00
# Visual Studio Version 17
VisualStudioVersion = 17.5.002.0
MinimumVisualStudioVersion = 10.0.40219.1
Project("{9A19103F-16F7-4668-BE54-9A1E7A4F7556}") = "csvar", "csvar.csproj", "{A9084616-FDDB-4C49-B5B4-C26309B0E0FE}"
EndProject
Global
	GlobalSection(SolutionConfigurationPlatforms) = preSolution
		Debug|Any CPU = Debug|Any CPU
		Release|Any CPU = Release|Any CPU
	EndGlobalSection
	GlobalSection(ProjectConfigurationPlatforms) = postSolution
		{A9084616-FDDB-4C49-B5B4-C26309B0E0FE}.Debug|Any CPU.ActiveCfg = Debug|Any CPU
		{A9084616-FDDB-4C49-B5B4-C26309B0E0FE}.Debug|Any CPU.Build.0 = Debug|Any CPU
		{A9084616-FDDB-4C49-B5B4-C26309B0E0FE}.Release|Any CPU.ActiveCfg = Release|Any CPU
		{A9084616-FDDB-4C49-B5B4-C26309B0E0FE}.Release|Any CPU.Build.0 = Release|Any CPU
	EndGlobalSection
	GlobalSection(SolutionProperties) = preSolution
		HideSolutionNode = FALSE
	EndGlobalSection
	GlobalSection(ExtensibilityGlobals) = postSolution
		SolutionGuid = {3A96D1E2-2AEF-4A0C-BADC-D07CE0ADF919}
	EndGlobalSection
EndGlobal
